
Microsoft Visual Studio Solution File, Format Version 12.00
# Visual Studio Version 16
VisualStudioVersion = 16.0.31321.278
MinimumVisualStudioVersion = 10.0.40219.1
Project("{FAE04EC0-301F-11D3-BF4B-00C04F79EFBC}") = "AplicacionBancaraWindowsFormsG3-2022-I", "AplicacionBancaraWindowsFormsG3-2022-I.csproj", "{B7B87700-4033-4A36-83F6-1420FAD98363}"
EndProject
Global
	GlobalSection(SolutionConfigurationPlatforms) = preSolution
		Debug|Any CPU = Debug|Any CPU
		Release|Any CPU = Release|Any CPU
	EndGlobalSection
	GlobalSection(ProjectConfigurationPlatforms) = postSolution
		{B7B87700-4033-4A36-83F6-1420FAD98363}.Debug|Any CPU.ActiveCfg = Debug|Any CPU
		{B7B87700-4033-4A36-83F6-1420FAD98363}.Debug|Any CPU.Build.0 = Debug|Any CPU
		{B7B87700-4033-4A36-83F6-1420FAD98363}.Release|Any CPU.ActiveCfg = Release|Any CPU
		{B7B87700-4033-4A36-83F6-1420FAD98363}.Release|Any CPU.Build.0 = Release|Any CPU
	EndGlobalSection
	GlobalSection(SolutionProperties) = preSolution
		HideSolutionNode = FALSE
	EndGlobalSection
	GlobalSection(ExtensibilityGlobals) = postSolution
		SolutionGuid = {399F722B-2710-4056-ADD5-16955131DA1C}
	EndGlobalSection
EndGlobal
